
Microsoft Visual Studio Solution File, Format Version 12.00
# Visual Studio Version 17
VisualStudioVersion = 17.9.34607.119
MinimumVisualStudioVersion = 10.0.40219.1
Project("{FAE04EC0-301F-11D3-BF4B-00C04F79EFBC}") = "DividendStockAdvisor", "DividendStockAdvisor.csproj", "{02A65733-CC66-4AF9-8320-5E08E74CB568}"
EndProject
Global
	GlobalSection(SolutionConfigurationPlatforms) = preSolution
		Debug|Any CPU = Debug|Any CPU
		Release|Any CPU = Release|Any CPU
	EndGlobalSection
	GlobalSection(ProjectConfigurationPlatforms) = postSolution
		{02A65733-CC66-4AF9-8320-5E08E74CB568}.Debug|Any CPU.ActiveCfg = Debug|Any CPU
		{02A65733-CC66-4AF9-8320-5E08E74CB568}.Debug|Any CPU.Build.0 = Debug|Any CPU
		{02A65733-CC66-4AF9-8320-5E08E74CB568}.Release|Any CPU.ActiveCfg = Release|Any CPU
		{02A65733-CC66-4AF9-8320-5E08E74CB568}.Release|Any CPU.Build.0 = Release|Any CPU
	EndGlobalSection
	GlobalSection(SolutionProperties) = preSolution
		HideSolutionNode = FALSE
	EndGlobalSection
	GlobalSection(ExtensibilityGlobals) = postSolution
		SolutionGuid = {B75807C6-761B-4A17-815C-3F812CF799A0}
	EndGlobalSection
EndGlobal
